
Microsoft Visual Studio Solution File, Format Version 12.00
# Visual Studio Version 17
VisualStudioVersion = 17.4.33213.308
MinimumVisualStudioVersion = 10.0.40219.1
Project("{9A19103F-16F7-4668-BE54-9A1E7A4F7556}") = "Comparisons4.1", "Comparisons\Comparisons4.1.csproj", "{8D8D5777-F6A5-4617-AA67-17B04566A062}"
EndProject
Project("{9A19103F-16F7-4668-BE54-9A1E7A4F7556}") = "Task_4.1.4", "Task_4.1.4\Task_4.1.4.csproj", "{DA9DB1FE-D621-49B2-9811-69A5D5FCCB82}"
EndProject
Project("{9A19103F-16F7-4668-BE54-9A1E7A4F7556}") = "Task_4.1.5", "Task_4.1.5\Task_4.1.5.csproj", "{E3F332CB-64BD-4018-9B6F-0D249AA0B42E}"
EndProject
Project("{9A19103F-16F7-4668-BE54-9A1E7A4F7556}") = "Task_4.1.10", "Task_4.1.10\Task_4.1.10.csproj", "{75A3BC26-24B8-4CED-8158-291C364FF3B2}"
EndProject
Project("{9A19103F-16F7-4668-BE54-9A1E7A4F7556}") = "IfElse", "IfElse\IfElse.csproj", "{A48225B3-20F5-478D-9566-19CB76F67D6F}"
EndProject
Project("{9A19103F-16F7-4668-BE54-9A1E7A4F7556}") = "TernaryOperation", "TernaryOperation\TernaryOperation.csproj", "{03F451A7-3CC6-4FC8-9EA7-DF25F7E65B41}"
EndProject
Project("{9A19103F-16F7-4668-BE54-9A1E7A4F7556}") = "Task_4.1.16", "Task_4.1.16\Task_4.1.16.csproj", "{AE36F191-1375-46FA-8247-76198D3C2712}"
EndProject
Project("{9A19103F-16F7-4668-BE54-9A1E7A4F7556}") = "Task_4.1.18", "Task_4.1.18\Task_4.1.18.csproj", "{A774DFDF-3AF3-4332-8447-F2404C3AE00F}"
EndProject
Project("{9A19103F-16F7-4668-BE54-9A1E7A4F7556}") = "Cycles_4.2", "Cycles_4.2\Cycles_4.2.csproj", "{D7D08F1C-F67D-4EF1-93D3-2BCC0B05D8D7}"
EndProject
Project("{9A19103F-16F7-4668-BE54-9A1E7A4F7556}") = "Practice_4.2_For", "Practice_4.2_For\Practice_4.2_For.csproj", "{12EBB2DC-81B9-442E-B088-7B31C8CDE0F4}"
EndProject
Project("{9A19103F-16F7-4668-BE54-9A1E7A4F7556}") = "Practice_4.2_While", "Practice_4.2_While\Practice_4.2_While.csproj", "{EA0750C1-15DA-4AAB-A4A8-0190792ACA6E}"
EndProject
Project("{9A19103F-16F7-4668-BE54-9A1E7A4F7556}") = "Practice_4.2_DoWhile", "Practice_4.2_DoWhile\Practice_4.2_DoWhile.csproj", "{5BB08862-FAF9-4EFA-BF0E-F088932831C7}"
EndProject
Project("{9A19103F-16F7-4668-BE54-9A1E7A4F7556}") = "Task_4.2.11", "Task_4.2.11\Task_4.2.11.csproj", "{05544151-5A34-4EC3-B9A6-D3671E15BF54}"
EndProject
Project("{9A19103F-16F7-4668-BE54-9A1E7A4F7556}") = "AdditionOfNumbers", "AdditionOfNumbers\AdditionOfNumbers.csproj", "{B0FE9C7F-54D6-44BE-A6F0-CC4C16CBD924}"
EndProject
Project("{FAE04EC0-301F-11D3-BF4B-00C04F79EFBC}") = "Arrays", "Arrays\Arrays.csproj", "{9E8C7EEB-A7BD-4D8F-9770-6260FB90D3FB}"
EndProject
Project("{FAE04EC0-301F-11D3-BF4B-00C04F79EFBC}") = "PracticeArrays", "PracticeArrays\PracticeArrays.csproj", "{C84A4314-393E-4A1C-AC87-20B83F540DDA}"
EndProject
Project("{FAE04EC0-301F-11D3-BF4B-00C04F79EFBC}") = "PracticeScreencast_4.3", "PracticeScreencast_4.3\PracticeScreencast_4.3.csproj", "{FB253D58-5728-4C0B-96C9-24049764D62F}"
EndProject
Project("{FAE04EC0-301F-11D3-BF4B-00C04F79EFBC}") = "NameWithSpaces", "NameWithSpaces\NameWithSpaces.csproj", "{067E9047-DBD3-44DF-BDFC-5026C1B38E3F}"
EndProject
Project("{FAE04EC0-301F-11D3-BF4B-00C04F79EFBC}") = "Task_4.3.7", "Task_4.3.7\Task_4.3.7.csproj", "{EED18C1B-CD0F-492D-898B-C1F86CA5B9F7}"
EndProject
Project("{FAE04EC0-301F-11D3-BF4B-00C04F79EFBC}") = "MultidimensionalArrays", "MultidimensionalArrays\MultidimensionalArrays.csproj", "{0EF4DD0D-A1A9-49B9-822D-8E8091CC1B81}"
EndProject
Project("{FAE04EC0-301F-11D3-BF4B-00C04F79EFBC}") = "Task_4.3.11", "Task_4.3.11\Task_4.3.11.csproj", "{41501188-3C66-4192-9EFA-E5E4B3E47B5D}"
EndProject
Project("{FAE04EC0-301F-11D3-BF4B-00C04F79EFBC}") = "Task_4.3.12", "Task_4.3.12\Task_4.3.12.csproj", "{49E54E44-2A4F-45CD-B235-D3EF8A5396BC}"
EndProject
Project("{FAE04EC0-301F-11D3-BF4B-00C04F79EFBC}") = "Task_4.3.13", "Task_4.3.13\Task_4.3.13.csproj", "{B0DA91E7-3A5C-45B1-95BF-23769F3CEE77}"
EndProject
Project("{FAE04EC0-301F-11D3-BF4B-00C04F79EFBC}") = "Task_4.3.14_ToothedArray", "Task_4.3.14_ToothedArray\Task_4.3.14_ToothedArray.csproj", "{18E6B715-850D-409E-AD18-D7643C74884C}"
EndProject
Project("{FAE04EC0-301F-11D3-BF4B-00C04F79EFBC}") = "Task_4.3.15", "Task_4.3.15\Task_4.3.15.csproj", "{978AF259-8ACC-4FA4-A77D-07D39547C5D5}"
EndProject
Project("{FAE04EC0-301F-11D3-BF4B-00C04F79EFBC}") = "Task_4.3.16", "Task_4.3.16\Task_4.3.16.csproj", "{2643044B-5B42-4F6B-8937-16665C1F7460}"
EndProject
Project("{FAE04EC0-301F-11D3-BF4B-00C04F79EFBC}") = "Task_4.3.17", "Task_4.3.17\Task_4.3.17.csproj", "{DC4C360A-4A04-4DF3-AB1B-17B2D9897567}"
EndProject
Project("{FAE04EC0-301F-11D3-BF4B-00C04F79EFBC}") = "Practice_4.4_Tuples", "Practice_4.4_Tuples\Practice_4.4_Tuples.csproj", "{2B5D3A7E-D58E-4F53-B192-54A9EB5C9238}"
EndProject
Project("{FAE04EC0-301F-11D3-BF4B-00C04F79EFBC}") = "Task_4.4.2", "Task_4.4.2\Task_4.4.2.csproj", "{425DD92B-04B6-4B15-B518-1922C76FE406}"
EndProject
Project("{FAE04EC0-301F-11D3-BF4B-00C04F79EFBC}") = "Task_4.4.3", "Task_4.4.3\Task_4.4.3.csproj", "{73FE9C12-C4D2-436E-8A54-8A2BAA3E754F}"
EndProject
Global
	GlobalSection(SolutionConfigurationPlatforms) = preSolution
		Debug|Any CPU = Debug|Any CPU
		Release|Any CPU = Release|Any CPU
	EndGlobalSection
	GlobalSection(ProjectConfigurationPlatforms) = postSolution
		{8D8D5777-F6A5-4617-AA67-17B04566A062}.Debug|Any CPU.ActiveCfg = Debug|Any CPU
		{8D8D5777-F6A5-4617-AA67-17B04566A062}.Debug|Any CPU.Build.0 = Debug|Any CPU
		{8D8D5777-F6A5-4617-AA67-17B04566A062}.Release|Any CPU.ActiveCfg = Release|Any CPU
		{8D8D5777-F6A5-4617-AA67-17B04566A062}.Release|Any CPU.Build.0 = Release|Any CPU
		{DA9DB1FE-D621-49B2-9811-69A5D5FCCB82}.Debug|Any CPU.ActiveCfg = Debug|Any CPU
		{DA9DB1FE-D621-49B2-9811-69A5D5FCCB82}.Debug|Any CPU.Build.0 = Debug|Any CPU
		{DA9DB1FE-D621-49B2-9811-69A5D5FCCB82}.Release|Any CPU.ActiveCfg = Release|Any CPU
		{DA9DB1FE-D621-49B2-9811-69A5D5FCCB82}.Release|Any CPU.Build.0 = Release|Any CPU
		{E3F332CB-64BD-4018-9B6F-0D249AA0B42E}.Debug|Any CPU.ActiveCfg = Debug|Any CPU
		{E3F332CB-64BD-4018-9B6F-0D249AA0B42E}.Debug|Any CPU.Build.0 = Debug|Any CPU
		{E3F332CB-64BD-4018-9B6F-0D249AA0B42E}.Release|Any CPU.ActiveCfg = Release|Any CPU
		{E3F332CB-64BD-4018-9B6F-0D249AA0B42E}.Release|Any CPU.Build.0 = Release|Any CPU
		{75A3BC26-24B8-4CED-8158-291C364FF3B2}.Debug|Any CPU.ActiveCfg = Debug|Any CPU
		{75A3BC26-24B8-4CED-8158-291C364FF3B2}.Debug|Any CPU.Build.0 = Debug|Any CPU
		{75A3BC26-24B8-4CED-8158-291C364FF3B2}.Release|Any CPU.ActiveCfg = Release|Any CPU
		{75A3BC26-24B8-4CED-8158-291C364FF3B2}.Release|Any CPU.Build.0 = Release|Any CPU
		{A48225B3-20F5-478D-9566-19CB76F67D6F}.Debug|Any CPU.ActiveCfg = Debug|Any CPU
		{A48225B3-20F5-478D-9566-19CB76F67D6F}.Debug|Any CPU.Build.0 = Debug|Any CPU
		{A48225B3-20F5-478D-9566-19CB76F67D6F}.Release|Any CPU.ActiveCfg = Release|Any CPU
		{A48225B3-20F5-478D-9566-19CB76F67D6F}.Release|Any CPU.Build.0 = Release|Any CPU
		{03F451A7-3CC6-4FC8-9EA7-DF25F7E65B41}.Debug|Any CPU.ActiveCfg = Debug|Any CPU
		{03F451A7-3CC6-4FC8-9EA7-DF25F7E65B41}.Debug|Any CPU.Build.0 = Debug|Any CPU
		{03F451A7-3CC6-4FC8-9EA7-DF25F7E65B41}.Release|Any CPU.ActiveCfg = Release|Any CPU
		{03F451A7-3CC6-4FC8-9EA7-DF25F7E65B41}.Release|Any CPU.Build.0 = Release|Any CPU
		{AE36F191-1375-46FA-8247-76198D3C2712}.Debug|Any CPU.ActiveCfg = Debug|Any CPU
		{AE36F191-1375-46FA-8247-76198D3C2712}.Debug|Any CPU.Build.0 = Debug|Any CPU
		{AE36F191-1375-46FA-8247-76198D3C2712}.Release|Any CPU.ActiveCfg = Release|Any CPU
		{AE36F191-1375-46FA-8247-76198D3C2712}.Release|Any CPU.Build.0 = Release|Any CPU
		{A774DFDF-3AF3-4332-8447-F2404C3AE00F}.Debug|Any CPU.ActiveCfg = Debug|Any CPU
		{A774DFDF-3AF3-4332-8447-F2404C3AE00F}.Debug|Any CPU.Build.0 = Debug|Any CPU
		{A774DFDF-3AF3-4332-8447-F2404C3AE00F}.Release|Any CPU.ActiveCfg = Release|Any CPU
		{A774DFDF-3AF3-4332-8447-F2404C3AE00F}.Release|Any CPU.Build.0 = Release|Any CPU
		{D7D08F1C-F67D-4EF1-93D3-2BCC0B05D8D7}.Debug|Any CPU.ActiveCfg = Debug|Any CPU
		{D7D08F1C-F67D-4EF1-93D3-2BCC0B05D8D7}.Debug|Any CPU.Build.0 = Debug|Any CPU
		{D7D08F1C-F67D-4EF1-93D3-2BCC0B05D8D7}.Release|Any CPU.ActiveCfg = Release|Any CPU
		{D7D08F1C-F67D-4EF1-93D3-2BCC0B05D8D7}.Release|Any CPU.Build.0 = Release|Any CPU
		{12EBB2DC-81B9-442E-B088-7B31C8CDE0F4}.Debug|Any CPU.ActiveCfg = Debug|Any CPU
		{12EBB2DC-81B9-442E-B088-7B31C8CDE0F4}.Debug|Any CPU.Build.0 = Debug|Any CPU
		{12EBB2DC-81B9-442E-B088-7B31C8CDE0F4}.Release|Any CPU.ActiveCfg = Release|Any CPU
		{12EBB2DC-81B9-442E-B088-7B31C8CDE0F4}.Release|Any CPU.Build.0 = Release|Any CPU
		{EA0750C1-15DA-4AAB-A4A8-0190792ACA6E}.Debug|Any CPU.ActiveCfg = Debug|Any CPU
		{EA0750C1-15DA-4AAB-A4A8-0190792ACA6E}.Debug|Any CPU.Build.0 = Debug|Any CPU
		{EA0750C1-15DA-4AAB-A4A8-0190792ACA6E}.Release|Any CPU.ActiveCfg = Release|Any CPU
		{EA0750C1-15DA-4AAB-A4A8-0190792ACA6E}.Release|Any CPU.Build.0 = Release|Any CPU
		{5BB08862-FAF9-4EFA-BF0E-F088932831C7}.Debug|Any CPU.ActiveCfg = Debug|Any CPU
		{5BB08862-FAF9-4EFA-BF0E-F088932831C7}.Debug|Any CPU.Build.0 = Debug|Any CPU
		{5BB08862-FAF9-4EFA-BF0E-F088932831C7}.Release|Any CPU.ActiveCfg = Release|Any CPU
		{5BB08862-FAF9-4EFA-BF0E-F088932831C7}.Release|Any CPU.Build.0 = Release|Any CPU
		{05544151-5A34-4EC3-B9A6-D3671E15BF54}.Debug|Any CPU.ActiveCfg = Debug|Any CPU
		{05544151-5A34-4EC3-B9A6-D3671E15BF54}.Debug|Any CPU.Build.0 = Debug|Any CPU
		{05544151-5A34-4EC3-B9A6-D3671E15BF54}.Release|Any CPU.ActiveCfg = Release|Any CPU
		{05544151-5A34-4EC3-B9A6-D3671E15BF54}.Release|Any CPU.Build.0 = Release|Any CPU
		{B0FE9C7F-54D6-44BE-A6F0-CC4C16CBD924}.Debug|Any CPU.ActiveCfg = Debug|Any CPU
		{B0FE9C7F-54D6-44BE-A6F0-CC4C16CBD924}.Debug|Any CPU.Build.0 = Debug|Any CPU
		{B0FE9C7F-54D6-44BE-A6F0-CC4C16CBD924}.Release|Any CPU.ActiveCfg = Release|Any CPU
		{B0FE9C7F-54D6-44BE-A6F0-CC4C16CBD924}.Release|Any CPU.Build.0 = Release|Any CPU
		{9E8C7EEB-A7BD-4D8F-9770-6260FB90D3FB}.Debug|Any CPU.ActiveCfg = Debug|Any CPU
		{9E8C7EEB-A7BD-4D8F-9770-6260FB90D3FB}.Debug|Any CPU.Build.0 = Debug|Any CPU
		{9E8C7EEB-A7BD-4D8F-9770-6260FB90D3FB}.Release|Any CPU.ActiveCfg = Release|Any CPU
		{9E8C7EEB-A7BD-4D8F-9770-6260FB90D3FB}.Release|Any CPU.Build.0 = Release|Any CPU
		{C84A4314-393E-4A1C-AC87-20B83F540DDA}.Debug|Any CPU.ActiveCfg = Debug|Any CPU
		{C84A4314-393E-4A1C-AC87-20B83F540DDA}.Debug|Any CPU.Build.0 = Debug|Any CPU
		{C84A4314-393E-4A1C-AC87-20B83F540DDA}.Release|Any CPU.ActiveCfg = Release|Any CPU
		{C84A4314-393E-4A1C-AC87-20B83F540DDA}.Release|Any CPU.Build.0 = Release|Any CPU
		{FB253D58-5728-4C0B-96C9-24049764D62F}.Debug|Any CPU.ActiveCfg = Debug|Any CPU
		{FB253D58-5728-4C0B-96C9-24049764D62F}.Debug|Any CPU.Build.0 = Debug|Any CPU
		{FB253D58-5728-4C0B-96C9-24049764D62F}.Release|Any CPU.ActiveCfg = Release|Any CPU
		{FB253D58-5728-4C0B-96C9-24049764D62F}.Release|Any CPU.Build.0 = Release|Any CPU
		{067E9047-DBD3-44DF-BDFC-5026C1B38E3F}.Debug|Any CPU.ActiveCfg = Debug|Any CPU
		{067E9047-DBD3-44DF-BDFC-5026C1B38E3F}.Debug|Any CPU.Build.0 = Debug|Any CPU
		{067E9047-DBD3-44DF-BDFC-5026C1B38E3F}.Release|Any CPU.ActiveCfg = Release|Any CPU
		{067E9047-DBD3-44DF-BDFC-5026C1B38E3F}.Release|Any CPU.Build.0 = Release|Any CPU
		{EED18C1B-CD0F-492D-898B-C1F86CA5B9F7}.Debug|Any CPU.ActiveCfg = Debug|Any CPU
		{EED18C1B-CD0F-492D-898B-C1F86CA5B9F7}.Debug|Any CPU.Build.0 = Debug|Any CPU
		{EED18C1B-CD0F-492D-898B-C1F86CA5B9F7}.Release|Any CPU.ActiveCfg = Release|Any CPU
		{EED18C1B-CD0F-492D-898B-C1F86CA5B9F7}.Release|Any CPU.Build.0 = Release|Any CPU
		{0EF4DD0D-A1A9-49B9-822D-8E8091CC1B81}.Debug|Any CPU.ActiveCfg = Debug|Any CPU
		{0EF4DD0D-A1A9-49B9-822D-8E8091CC1B81}.Debug|Any CPU.Build.0 = Debug|Any CPU
		{0EF4DD0D-A1A9-49B9-822D-8E8091CC1B81}.Release|Any CPU.ActiveCfg = Release|Any CPU
		{0EF4DD0D-A1A9-49B9-822D-8E8091CC1B81}.Release|Any CPU.Build.0 = Release|Any CPU
		{41501188-3C66-4192-9EFA-E5E4B3E47B5D}.Debug|Any CPU.ActiveCfg = Debug|Any CPU
		{41501188-3C66-4192-9EFA-E5E4B3E47B5D}.Debug|Any CPU.Build.0 = Debug|Any CPU
		{41501188-3C66-4192-9EFA-E5E4B3E47B5D}.Release|Any CPU.ActiveCfg = Release|Any CPU
		{41501188-3C66-4192-9EFA-E5E4B3E47B5D}.Release|Any CPU.Build.0 = Release|Any CPU
		{49E54E44-2A4F-45CD-B235-D3EF8A5396BC}.Debug|Any CPU.ActiveCfg = Debug|Any CPU
		{49E54E44-2A4F-45CD-B235-D3EF8A5396BC}.Debug|Any CPU.Build.0 = Debug|Any CPU
		{49E54E44-2A4F-45CD-B235-D3EF8A5396BC}.Release|Any CPU.ActiveCfg = Release|Any CPU
		{49E54E44-2A4F-45CD-B235-D3EF8A5396BC}.Release|Any CPU.Build.0 = Release|Any CPU
		{B0DA91E7-3A5C-45B1-95BF-23769F3CEE77}.Debug|Any CPU.ActiveCfg = Debug|Any CPU
		{B0DA91E7-3A5C-45B1-95BF-23769F3CEE77}.Debug|Any CPU.Build.0 = Debug|Any CPU
		{B0DA91E7-3A5C-45B1-95BF-23769F3CEE77}.Release|Any CPU.ActiveCfg = Release|Any CPU
		{B0DA91E7-3A5C-45B1-95BF-23769F3CEE77}.Release|Any CPU.Build.0 = Release|Any CPU
		{18E6B715-850D-409E-AD18-D7643C74884C}.Debug|Any CPU.ActiveCfg = Debug|Any CPU
		{18E6B715-850D-409E-AD18-D7643C74884C}.Debug|Any CPU.Build.0 = Debug|Any CPU
		{18E6B715-850D-409E-AD18-D7643C74884C}.Release|Any CPU.ActiveCfg = Release|Any CPU
		{18E6B715-850D-409E-AD18-D7643C74884C}.Release|Any CPU.Build.0 = Release|Any CPU
		{978AF259-8ACC-4FA4-A77D-07D39547C5D5}.Debug|Any CPU.ActiveCfg = Debug|Any CPU
		{978AF259-8ACC-4FA4-A77D-07D39547C5D5}.Debug|Any CPU.Build.0 = Debug|Any CPU
		{978AF259-8ACC-4FA4-A77D-07D39547C5D5}.Release|Any CPU.ActiveCfg = Release|Any CPU
		{978AF259-8ACC-4FA4-A77D-07D39547C5D5}.Release|Any CPU.Build.0 = Release|Any CPU
		{2643044B-5B42-4F6B-8937-16665C1F7460}.Debug|Any CPU.ActiveCfg = Debug|Any CPU
		{2643044B-5B42-4F6B-8937-16665C1F7460}.Debug|Any CPU.Build.0 = Debug|Any CPU
		{2643044B-5B42-4F6B-8937-16665C1F7460}.Release|Any CPU.ActiveCfg = Release|Any CPU
		{2643044B-5B42-4F6B-8937-16665C1F7460}.Release|Any CPU.Build.0 = Release|Any CPU
		{DC4C360A-4A04-4DF3-AB1B-17B2D9897567}.Debug|Any CPU.ActiveCfg = Debug|Any CPU
		{DC4C360A-4A04-4DF3-AB1B-17B2D9897567}.Debug|Any CPU.Build.0 = Debug|Any CPU
		{DC4C360A-4A04-4DF3-AB1B-17B2D9897567}.Release|Any CPU.ActiveCfg = Release|Any CPU
		{DC4C360A-4A04-4DF3-AB1B-17B2D9897567}.Release|Any CPU.Build.0 = Release|Any CPU
		{2B5D3A7E-D58E-4F53-B192-54A9EB5C9238}.Debug|Any CPU.ActiveCfg = Debug|Any CPU
		{2B5D3A7E-D58E-4F53-B192-54A9EB5C9238}.Debug|Any CPU.Build.0 = Debug|Any CPU
		{2B5D3A7E-D58E-4F53-B192-54A9EB5C9238}.Release|Any CPU.ActiveCfg = Release|Any CPU
		{2B5D3A7E-D58E-4F53-B192-54A9EB5C9238}.Release|Any CPU.Build.0 = Release|Any CPU
		{425DD92B-04B6-4B15-B518-1922C76FE406}.Debug|Any CPU.ActiveCfg = Debug|Any CPU
		{425DD92B-04B6-4B15-B518-1922C76FE406}.Debug|Any CPU.Build.0 = Debug|Any CPU
		{425DD92B-04B6-4B15-B518-1922C76FE406}.Release|Any CPU.ActiveCfg = Release|Any CPU
		{425DD92B-04B6-4B15-B518-1922C76FE406}.Release|Any CPU.Build.0 = Release|Any CPU
		{73FE9C12-C4D2-436E-8A54-8A2BAA3E754F}.Debug|Any CPU.ActiveCfg = Debug|Any CPU
		{73FE9C12-C4D2-436E-8A54-8A2BAA3E754F}.Debug|Any CPU.Build.0 = Debug|Any CPU
		{73FE9C12-C4D2-436E-8A54-8A2BAA3E754F}.Release|Any CPU.ActiveCfg = Release|Any CPU
		{73FE9C12-C4D2-436E-8A54-8A2BAA3E754F}.Release|Any CPU.Build.0 = Release|Any CPU
	EndGlobalSection
	GlobalSection(SolutionProperties) = preSolution
		HideSolutionNode = FALSE
	EndGlobalSection
	GlobalSection(ExtensibilityGlobals) = postSolution
		SolutionGuid = {118094D0-94EB-4171-8D1A-13484A2A0D24}
	EndGlobalSection
EndGlobal
