
Microsoft Visual Studio Solution File, Format Version 12.00
# Visual Studio Version 17
VisualStudioVersion = 17.4.33213.308
MinimumVisualStudioVersion = 10.0.40219.1
Project("{9A19103F-16F7-4668-BE54-9A1E7A4F7556}") = "Comparisons4.1", "Comparisons\Comparisons4.1.csproj", "{8D8D5777-F6A5-4617-AA67-17B04566A062}"
EndProject
Project("{9A19103F-16F7-4668-BE54-9A1E7A4F7556}") = "Task_4.1.4", "Task_4.1.4\Task_4.1.4.csproj", "{DA9DB1FE-D621-49B2-9811-69A5D5FCCB82}"
EndProject
Project("{9A19103F-16F7-4668-BE54-9A1E7A4F7556}") = "Task_4.1.5", "Task_4.1.5\Task_4.1.5.csproj", "{E3F332CB-64BD-4018-9B6F-0D249AA0B42E}"
EndProject
Project("{9A19103F-16F7-4668-BE54-9A1E7A4F7556}") = "Task_4.1.10", "Task_4.1.10\Task_4.1.10.csproj", "{75A3BC26-24B8-4CED-8158-291C364FF3B2}"
EndProject
Project("{9A19103F-16F7-4668-BE54-9A1E7A4F7556}") = "IfElse", "IfElse\IfElse.csproj", "{A48225B3-20F5-478D-9566-19CB76F67D6F}"
EndProject
Project("{9A19103F-16F7-4668-BE54-9A1E7A4F7556}") = "TernaryOperation", "TernaryOperation\TernaryOperation.csproj", "{03F451A7-3CC6-4FC8-9EA7-DF25F7E65B41}"
EndProject
Project("{9A19103F-16F7-4668-BE54-9A1E7A4F7556}") = "Task_4.1.16", "Task_4.1.16\Task_4.1.16.csproj", "{AE36F191-1375-46FA-8247-76198D3C2712}"
EndProject
Project("{9A19103F-16F7-4668-BE54-9A1E7A4F7556}") = "Task_4.1.18", "Task_4.1.18\Task_4.1.18.csproj", "{A774DFDF-3AF3-4332-8447-F2404C3AE00F}"
EndProject
Project("{FAE04EC0-301F-11D3-BF4B-00C04F79EFBC}") = "Cycles_4.2", "Cycles_4.2\Cycles_4.2.csproj", "{D7D08F1C-F67D-4EF1-93D3-2BCC0B05D8D7}"
EndProject
Global
	GlobalSection(SolutionConfigurationPlatforms) = preSolution
		Debug|Any CPU = Debug|Any CPU
		Release|Any CPU = Release|Any CPU
	EndGlobalSection
	GlobalSection(ProjectConfigurationPlatforms) = postSolution
		{8D8D5777-F6A5-4617-AA67-17B04566A062}.Debug|Any CPU.ActiveCfg = Debug|Any CPU
		{8D8D5777-F6A5-4617-AA67-17B04566A062}.Debug|Any CPU.Build.0 = Debug|Any CPU
		{8D8D5777-F6A5-4617-AA67-17B04566A062}.Release|Any CPU.ActiveCfg = Release|Any CPU
		{8D8D5777-F6A5-4617-AA67-17B04566A062}.Release|Any CPU.Build.0 = Release|Any CPU
		{DA9DB1FE-D621-49B2-9811-69A5D5FCCB82}.Debug|Any CPU.ActiveCfg = Debug|Any CPU
		{DA9DB1FE-D621-49B2-9811-69A5D5FCCB82}.Debug|Any CPU.Build.0 = Debug|Any CPU
		{DA9DB1FE-D621-49B2-9811-69A5D5FCCB82}.Release|Any CPU.ActiveCfg = Release|Any CPU
		{DA9DB1FE-D621-49B2-9811-69A5D5FCCB82}.Release|Any CPU.Build.0 = Release|Any CPU
		{E3F332CB-64BD-4018-9B6F-0D249AA0B42E}.Debug|Any CPU.ActiveCfg = Debug|Any CPU
		{E3F332CB-64BD-4018-9B6F-0D249AA0B42E}.Debug|Any CPU.Build.0 = Debug|Any CPU
		{E3F332CB-64BD-4018-9B6F-0D249AA0B42E}.Release|Any CPU.ActiveCfg = Release|Any CPU
		{E3F332CB-64BD-4018-9B6F-0D249AA0B42E}.Release|Any CPU.Build.0 = Release|Any CPU
		{75A3BC26-24B8-4CED-8158-291C364FF3B2}.Debug|Any CPU.ActiveCfg = Debug|Any CPU
		{75A3BC26-24B8-4CED-8158-291C364FF3B2}.Debug|Any CPU.Build.0 = Debug|Any CPU
		{75A3BC26-24B8-4CED-8158-291C364FF3B2}.Release|Any CPU.ActiveCfg = Release|Any CPU
		{75A3BC26-24B8-4CED-8158-291C364FF3B2}.Release|Any CPU.Build.0 = Release|Any CPU
		{A48225B3-20F5-478D-9566-19CB76F67D6F}.Debug|Any CPU.ActiveCfg = Debug|Any CPU
		{A48225B3-20F5-478D-9566-19CB76F67D6F}.Debug|Any CPU.Build.0 = Debug|Any CPU
		{A48225B3-20F5-478D-9566-19CB76F67D6F}.Release|Any CPU.ActiveCfg = Release|Any CPU
		{A48225B3-20F5-478D-9566-19CB76F67D6F}.Release|Any CPU.Build.0 = Release|Any CPU
		{03F451A7-3CC6-4FC8-9EA7-DF25F7E65B41}.Debug|Any CPU.ActiveCfg = Debug|Any CPU
		{03F451A7-3CC6-4FC8-9EA7-DF25F7E65B41}.Debug|Any CPU.Build.0 = Debug|Any CPU
		{03F451A7-3CC6-4FC8-9EA7-DF25F7E65B41}.Release|Any CPU.ActiveCfg = Release|Any CPU
		{03F451A7-3CC6-4FC8-9EA7-DF25F7E65B41}.Release|Any CPU.Build.0 = Release|Any CPU
		{AE36F191-1375-46FA-8247-76198D3C2712}.Debug|Any CPU.ActiveCfg = Debug|Any CPU
		{AE36F191-1375-46FA-8247-76198D3C2712}.Debug|Any CPU.Build.0 = Debug|Any CPU
		{AE36F191-1375-46FA-8247-76198D3C2712}.Release|Any CPU.ActiveCfg = Release|Any CPU
		{AE36F191-1375-46FA-8247-76198D3C2712}.Release|Any CPU.Build.0 = Release|Any CPU
		{A774DFDF-3AF3-4332-8447-F2404C3AE00F}.Debug|Any CPU.ActiveCfg = Debug|Any CPU
		{A774DFDF-3AF3-4332-8447-F2404C3AE00F}.Debug|Any CPU.Build.0 = Debug|Any CPU
		{A774DFDF-3AF3-4332-8447-F2404C3AE00F}.Release|Any CPU.ActiveCfg = Release|Any CPU
		{A774DFDF-3AF3-4332-8447-F2404C3AE00F}.Release|Any CPU.Build.0 = Release|Any CPU
		{D7D08F1C-F67D-4EF1-93D3-2BCC0B05D8D7}.Debug|Any CPU.ActiveCfg = Debug|Any CPU
		{D7D08F1C-F67D-4EF1-93D3-2BCC0B05D8D7}.Debug|Any CPU.Build.0 = Debug|Any CPU
		{D7D08F1C-F67D-4EF1-93D3-2BCC0B05D8D7}.Release|Any CPU.ActiveCfg = Release|Any CPU
		{D7D08F1C-F67D-4EF1-93D3-2BCC0B05D8D7}.Release|Any CPU.Build.0 = Release|Any CPU
	EndGlobalSection
	GlobalSection(SolutionProperties) = preSolution
		HideSolutionNode = FALSE
	EndGlobalSection
	GlobalSection(ExtensibilityGlobals) = postSolution
		SolutionGuid = {118094D0-94EB-4171-8D1A-13484A2A0D24}
	EndGlobalSection
EndGlobal
